
Microsoft Visual Studio Solution File, Format Version 12.00
# Visual Studio Version 16
VisualStudioVersion = 16.0.30523.141
MinimumVisualStudioVersion = 10.0.40219.1
Project("{9A19103F-16F7-4668-BE54-9A1E7A4F7556}") = "ShopProject3.MVC", "ShopProject3.MVC\ShopProject3.MVC.csproj", "{2A7BA07D-A548-410D-9B82-AD6604547194}"
EndProject
Project("{9A19103F-16F7-4668-BE54-9A1E7A4F7556}") = "ShopProject3.DataAccess", "ShopProject3.DataAccess\ShopProject3.DataAccess.csproj", "{3F360699-5745-4825-B667-5EEC87485D22}"
EndProject
Project("{9A19103F-16F7-4668-BE54-9A1E7A4F7556}") = "ShopProject3.Domain", "ShopProject3.Domain\ShopProject3.Domain.csproj", "{C89CF9B3-4913-4C84-A7EB-4838F6E13D8B}"
EndProject
Project("{9A19103F-16F7-4668-BE54-9A1E7A4F7556}") = "ShopProject3.Api", "ShopProject3.Api\ShopProject3.Api.csproj", "{3AA30AD7-BD14-4E06-AC8D-91545753B085}"
EndProject
Global
	GlobalSection(SolutionConfigurationPlatforms) = preSolution
		Debug|Any CPU = Debug|Any CPU
		Release|Any CPU = Release|Any CPU
	EndGlobalSection
	GlobalSection(ProjectConfigurationPlatforms) = postSolution
		{2A7BA07D-A548-410D-9B82-AD6604547194}.Debug|Any CPU.ActiveCfg = Debug|Any CPU
		{2A7BA07D-A548-410D-9B82-AD6604547194}.Debug|Any CPU.Build.0 = Debug|Any CPU
		{2A7BA07D-A548-410D-9B82-AD6604547194}.Release|Any CPU.ActiveCfg = Release|Any CPU
		{2A7BA07D-A548-410D-9B82-AD6604547194}.Release|Any CPU.Build.0 = Release|Any CPU
		{3F360699-5745-4825-B667-5EEC87485D22}.Debug|Any CPU.ActiveCfg = Debug|Any CPU
		{3F360699-5745-4825-B667-5EEC87485D22}.Debug|Any CPU.Build.0 = Debug|Any CPU
		{3F360699-5745-4825-B667-5EEC87485D22}.Release|Any CPU.ActiveCfg = Release|Any CPU
		{3F360699-5745-4825-B667-5EEC87485D22}.Release|Any CPU.Build.0 = Release|Any CPU
		{C89CF9B3-4913-4C84-A7EB-4838F6E13D8B}.Debug|Any CPU.ActiveCfg = Debug|Any CPU
		{C89CF9B3-4913-4C84-A7EB-4838F6E13D8B}.Debug|Any CPU.Build.0 = Debug|Any CPU
		{C89CF9B3-4913-4C84-A7EB-4838F6E13D8B}.Release|Any CPU.ActiveCfg = Release|Any CPU
		{C89CF9B3-4913-4C84-A7EB-4838F6E13D8B}.Release|Any CPU.Build.0 = Release|Any CPU
		{3AA30AD7-BD14-4E06-AC8D-91545753B085}.Debug|Any CPU.ActiveCfg = Debug|Any CPU
		{3AA30AD7-BD14-4E06-AC8D-91545753B085}.Debug|Any CPU.Build.0 = Debug|Any CPU
		{3AA30AD7-BD14-4E06-AC8D-91545753B085}.Release|Any CPU.ActiveCfg = Release|Any CPU
		{3AA30AD7-BD14-4E06-AC8D-91545753B085}.Release|Any CPU.Build.0 = Release|Any CPU
	EndGlobalSection
	GlobalSection(SolutionProperties) = preSolution
		HideSolutionNode = FALSE
	EndGlobalSection
	GlobalSection(ExtensibilityGlobals) = postSolution
		SolutionGuid = {DC04B626-2181-472B-B186-ED2467753A66}
	EndGlobalSection
EndGlobal
